// !$*UTF8*$!
{
	archiveVersion = 1;
	classes = {
	};
	objectVersion = 51;
	objects = {

/* Begin PBXBuildFile section */
		717B010CBE93350D2C78A9F2 /* Pods_VKClientSample.framework in Frameworks */ = {isa = PBXBuildFile; fileRef = FA61B0E00B803FDF8FE9BD4C /* Pods_VKClientSample.framework */; };
		E8068CD223DC47E80083FBBE /* NewsTableVC.swift in Sources */ = {isa = PBXBuildFile; fileRef = E8068CD123DC47E80083FBBE /* NewsTableVC.swift */; };
		E8068CD923DC485C0083FBBE /* PostCell.swift in Sources */ = {isa = PBXBuildFile; fileRef = E8068CD723DC485C0083FBBE /* PostCell.swift */; };
		E8068CDC23E0BE360083FBBE /* PostFooter.swift in Sources */ = {isa = PBXBuildFile; fileRef = E8068CDB23E0BE360083FBBE /* PostFooter.swift */; };
		E8068CDF23E0C1E00083FBBE /* CommentControl.swift in Sources */ = {isa = PBXBuildFile; fileRef = E8068CDE23E0C1E00083FBBE /* CommentControl.swift */; };
		E8068CE123E0C1EE0083FBBE /* ShareControl.swift in Sources */ = {isa = PBXBuildFile; fileRef = E8068CE023E0C1EE0083FBBE /* ShareControl.swift */; };
		E8068CE323E0C4290083FBBE /* ViewsCounter.swift in Sources */ = {isa = PBXBuildFile; fileRef = E8068CE223E0C4290083FBBE /* ViewsCounter.swift */; };
		E8068CE523E0E7270083FBBE /* Post.swift in Sources */ = {isa = PBXBuildFile; fileRef = E8068CE423E0E7270083FBBE /* Post.swift */; };
		E8068CE723E1C7150083FBBE /* StoriesCell.swift in Sources */ = {isa = PBXBuildFile; fileRef = E8068CE623E1C7150083FBBE /* StoriesCell.swift */; };
		E8068CEB23E384C10083FBBE /* WhatsNewCell.swift in Sources */ = {isa = PBXBuildFile; fileRef = E8068CEA23E384C10083FBBE /* WhatsNewCell.swift */; };
		E8068CED23E3A7890083FBBE /* AddStoryPhotoView.swift in Sources */ = {isa = PBXBuildFile; fileRef = E8068CEC23E3A7890083FBBE /* AddStoryPhotoView.swift */; };
		E8068CEF23E4FE0C0083FBBE /* StoryCell.swift in Sources */ = {isa = PBXBuildFile; fileRef = E8068CEE23E4FE0C0083FBBE /* StoryCell.swift */; };
		E8068CF123E4FE5B0083FBBE /* AddStoryCell.swift in Sources */ = {isa = PBXBuildFile; fileRef = E8068CF023E4FE5B0083FBBE /* AddStoryCell.swift */; };
		E80D57EE23F9E441002C53CB /* PhotoPreviewNavBarView.swift in Sources */ = {isa = PBXBuildFile; fileRef = E80D57ED23F9E441002C53CB /* PhotoPreviewNavBarView.swift */; };
		E80D57F123F9F47D002C53CB /* PhotoPreviewFooter.swift in Sources */ = {isa = PBXBuildFile; fileRef = E80D57F023F9F47D002C53CB /* PhotoPreviewFooter.swift */; };
		E829F95F2404839400ED148B /* VkAuthorizationViewController.swift in Sources */ = {isa = PBXBuildFile; fileRef = E829F95E2404839400ED148B /* VkAuthorizationViewController.swift */; };
		E829F961240491F900ED148B /* VKApi.swift in Sources */ = {isa = PBXBuildFile; fileRef = E829F960240491F900ED148B /* VKApi.swift */; };
		E829F96324049DBD00ED148B /* GetDataViewController.swift in Sources */ = {isa = PBXBuildFile; fileRef = E829F96224049DBD00ED148B /* GetDataViewController.swift */; };
		E861CD9923D271EA00D3E9B3 /* CommunityCell.swift in Sources */ = {isa = PBXBuildFile; fileRef = E861CD9723D271EA00D3E9B3 /* CommunityCell.swift */; };
		E861CD9A23D271EA00D3E9B3 /* CommunityCell.xib in Resources */ = {isa = PBXBuildFile; fileRef = E861CD9823D271EA00D3E9B3 /* CommunityCell.xib */; };
		E861CD9D23D274D000D3E9B3 /* Community.swift in Sources */ = {isa = PBXBuildFile; fileRef = E861CD9C23D274D000D3E9B3 /* Community.swift */; };
		E861CD9F23D274E700D3E9B3 /* Friend.swift in Sources */ = {isa = PBXBuildFile; fileRef = E861CD9E23D274E700D3E9B3 /* Friend.swift */; };
		E86CCCB123EC669900F3AAA6 /* PhotoPreviewVC.swift in Sources */ = {isa = PBXBuildFile; fileRef = E86CCCB023EC669900F3AAA6 /* PhotoPreviewVC.swift */; };
		E8757B0B241BEE49002F92A7 /* CustomInteractionNavigationController.swift in Sources */ = {isa = PBXBuildFile; fileRef = E8757B0A241BEE49002F92A7 /* CustomInteractionNavigationController.swift */; };
		E8757B0D241BEEA2002F92A7 /* NavigationTransition.swift in Sources */ = {isa = PBXBuildFile; fileRef = E8757B0C241BEEA2002F92A7 /* NavigationTransition.swift */; };
		E8757B10241CEAC0002F92A7 /* VKCommunity.swift in Sources */ = {isa = PBXBuildFile; fileRef = E8757B0F241CEAC0002F92A7 /* VKCommunity.swift */; };
		E8757B12241CECED002F92A7 /* VKFriend.swift in Sources */ = {isa = PBXBuildFile; fileRef = E8757B11241CECED002F92A7 /* VKFriend.swift */; };
		E8757B14241EC81D002F92A7 /* VKResponse.swift in Sources */ = {isa = PBXBuildFile; fileRef = E8757B13241EC81D002F92A7 /* VKResponse.swift */; };
		E8757B18241EDA54002F92A7 /* VKRealmGroup.swift in Sources */ = {isa = PBXBuildFile; fileRef = E8757B17241EDA54002F92A7 /* VKRealmGroup.swift */; };
		E8757B1A24278B57002F92A7 /* VKPhoto.swift in Sources */ = {isa = PBXBuildFile; fileRef = E8757B1924278B57002F92A7 /* VKPhoto.swift */; };
		E8757B1E242844AA002F92A7 /* Data+PrettyPrintJSON.swift in Sources */ = {isa = PBXBuildFile; fileRef = E8757B1D242844AA002F92A7 /* Data+PrettyPrintJSON.swift */; };
		E8757B21242C0708002F92A7 /* ProfileTableViewController.swift in Sources */ = {isa = PBXBuildFile; fileRef = E8757B20242C0708002F92A7 /* ProfileTableViewController.swift */; };
		E8757B23242C073C002F92A7 /* ProfileTVCell.swift in Sources */ = {isa = PBXBuildFile; fileRef = E8757B22242C073C002F92A7 /* ProfileTVCell.swift */; };
		E8757B25242C2F0E002F92A7 /* ActionsTVCell.swift in Sources */ = {isa = PBXBuildFile; fileRef = E8757B24242C2F0E002F92A7 /* ActionsTVCell.swift */; };
		E87BB7F423E8CE39006C14F6 /* LoadView.swift in Sources */ = {isa = PBXBuildFile; fileRef = E87BB7F323E8CE39006C14F6 /* LoadView.swift */; };
		E885799223D1D72200C97694 /* CommunitiesTableVC.swift in Sources */ = {isa = PBXBuildFile; fileRef = E885799123D1D72200C97694 /* CommunitiesTableVC.swift */; };
		E885799423D1D73A00C97694 /* FriendsTableVC.swift in Sources */ = {isa = PBXBuildFile; fileRef = E885799323D1D73A00C97694 /* FriendsTableVC.swift */; };
		E885799823D1D7F200C97694 /* AddCommunityTableVC.swift in Sources */ = {isa = PBXBuildFile; fileRef = E885799723D1D7F200C97694 /* AddCommunityTableVC.swift */; };
		E8954A7923B15FEA00A93209 /* AppDelegate.swift in Sources */ = {isa = PBXBuildFile; fileRef = E8954A7823B15FEA00A93209 /* AppDelegate.swift */; };
		E8954A7D23B15FEA00A93209 /* LoginViewController.swift in Sources */ = {isa = PBXBuildFile; fileRef = E8954A7C23B15FEA00A93209 /* LoginViewController.swift */; };
		E8954A8023B15FEA00A93209 /* Main.storyboard in Resources */ = {isa = PBXBuildFile; fileRef = E8954A7E23B15FEA00A93209 /* Main.storyboard */; };
		E8954A8223B15FEB00A93209 /* Assets.xcassets in Resources */ = {isa = PBXBuildFile; fileRef = E8954A8123B15FEB00A93209 /* Assets.xcassets */; };
		E8954A8523B15FEB00A93209 /* LaunchScreen.storyboard in Resources */ = {isa = PBXBuildFile; fileRef = E8954A8323B15FEB00A93209 /* LaunchScreen.storyboard */; };
		E8954A9223B162A700A93209 /* Images.swift in Sources */ = {isa = PBXBuildFile; fileRef = E8954A9023B162A700A93209 /* Images.swift */; };
		E8954A9323B162A700A93209 /* Constants.swift in Sources */ = {isa = PBXBuildFile; fileRef = E8954A9123B162A700A93209 /* Constants.swift */; };
		E8954A9523B162B300A93209 /* UIColor+hex.swift in Sources */ = {isa = PBXBuildFile; fileRef = E8954A9423B162B200A93209 /* UIColor+hex.swift */; };
		E8B5E33024046C9D009A5494 /* Session.swift in Sources */ = {isa = PBXBuildFile; fileRef = E8B5E32F24046C9D009A5494 /* Session.swift */; };
		E8CD1C9023D65EA600C5D668 /* FriendCell.swift in Sources */ = {isa = PBXBuildFile; fileRef = E8CD1C8F23D65EA600C5D668 /* FriendCell.swift */; };
		E8CD1C9223D6AC0200C5D668 /* FriendCollectionVC.swift in Sources */ = {isa = PBXBuildFile; fileRef = E8CD1C9123D6AC0200C5D668 /* FriendCollectionVC.swift */; };
		E8CD1C9423D6AF6100C5D668 /* FriendCVCell.swift in Sources */ = {isa = PBXBuildFile; fileRef = E8CD1C9323D6AF6000C5D668 /* FriendCVCell.swift */; };
		E8CD1C9723DB29D300C5D668 /* ShadowPhotoView.swift in Sources */ = {isa = PBXBuildFile; fileRef = E8CD1C9623DB29D300C5D668 /* ShadowPhotoView.swift */; };
		E8CD1C9923DB2AF900C5D668 /* LikeControl.swift in Sources */ = {isa = PBXBuildFile; fileRef = E8CD1C9823DB2AF900C5D668 /* LikeControl.swift */; };
/* End PBXBuildFile section */

/* Begin PBXFileReference section */
		081635287C3FEF1BDFBAEBA8 /* Pods-VKClientSample.debug.xcconfig */ = {isa = PBXFileReference; includeInIndex = 1; lastKnownFileType = text.xcconfig; name = "Pods-VKClientSample.debug.xcconfig"; path = "Target Support Files/Pods-VKClientSample/Pods-VKClientSample.debug.xcconfig"; sourceTree = "<group>"; };
		6A367E63F19424BE27114643 /* Pods-VKClientSample.release.xcconfig */ = {isa = PBXFileReference; includeInIndex = 1; lastKnownFileType = text.xcconfig; name = "Pods-VKClientSample.release.xcconfig"; path = "Target Support Files/Pods-VKClientSample/Pods-VKClientSample.release.xcconfig"; sourceTree = "<group>"; };
		E8068CD123DC47E80083FBBE /* NewsTableVC.swift */ = {isa = PBXFileReference; lastKnownFileType = sourcecode.swift; path = NewsTableVC.swift; sourceTree = "<group>"; };
		E8068CD723DC485C0083FBBE /* PostCell.swift */ = {isa = PBXFileReference; lastKnownFileType = sourcecode.swift; path = PostCell.swift; sourceTree = "<group>"; };
		E8068CDB23E0BE360083FBBE /* PostFooter.swift */ = {isa = PBXFileReference; lastKnownFileType = sourcecode.swift; path = PostFooter.swift; sourceTree = "<group>"; };
		E8068CDE23E0C1E00083FBBE /* CommentControl.swift */ = {isa = PBXFileReference; lastKnownFileType = sourcecode.swift; path = CommentControl.swift; sourceTree = "<group>"; };
		E8068CE023E0C1EE0083FBBE /* ShareControl.swift */ = {isa = PBXFileReference; lastKnownFileType = sourcecode.swift; path = ShareControl.swift; sourceTree = "<group>"; };
		E8068CE223E0C4290083FBBE /* ViewsCounter.swift */ = {isa = PBXFileReference; lastKnownFileType = sourcecode.swift; path = ViewsCounter.swift; sourceTree = "<group>"; };
		E8068CE423E0E7270083FBBE /* Post.swift */ = {isa = PBXFileReference; lastKnownFileType = sourcecode.swift; path = Post.swift; sourceTree = "<group>"; };
		E8068CE623E1C7150083FBBE /* StoriesCell.swift */ = {isa = PBXFileReference; lastKnownFileType = sourcecode.swift; path = StoriesCell.swift; sourceTree = "<group>"; };
		E8068CEA23E384C10083FBBE /* WhatsNewCell.swift */ = {isa = PBXFileReference; lastKnownFileType = sourcecode.swift; path = WhatsNewCell.swift; sourceTree = "<group>"; };
		E8068CEC23E3A7890083FBBE /* AddStoryPhotoView.swift */ = {isa = PBXFileReference; lastKnownFileType = sourcecode.swift; path = AddStoryPhotoView.swift; sourceTree = "<group>"; };
		E8068CEE23E4FE0C0083FBBE /* StoryCell.swift */ = {isa = PBXFileReference; lastKnownFileType = sourcecode.swift; path = StoryCell.swift; sourceTree = "<group>"; };
		E8068CF023E4FE5B0083FBBE /* AddStoryCell.swift */ = {isa = PBXFileReference; lastKnownFileType = sourcecode.swift; path = AddStoryCell.swift; sourceTree = "<group>"; };
		E80D57ED23F9E441002C53CB /* PhotoPreviewNavBarView.swift */ = {isa = PBXFileReference; lastKnownFileType = sourcecode.swift; path = PhotoPreviewNavBarView.swift; sourceTree = "<group>"; };
		E80D57F023F9F47D002C53CB /* PhotoPreviewFooter.swift */ = {isa = PBXFileReference; lastKnownFileType = sourcecode.swift; path = PhotoPreviewFooter.swift; sourceTree = "<group>"; };
		E829F95E2404839400ED148B /* VkAuthorizationViewController.swift */ = {isa = PBXFileReference; lastKnownFileType = sourcecode.swift; path = VkAuthorizationViewController.swift; sourceTree = "<group>"; };
		E829F960240491F900ED148B /* VKApi.swift */ = {isa = PBXFileReference; lastKnownFileType = sourcecode.swift; path = VKApi.swift; sourceTree = "<group>"; };
		E829F96224049DBD00ED148B /* GetDataViewController.swift */ = {isa = PBXFileReference; lastKnownFileType = sourcecode.swift; path = GetDataViewController.swift; sourceTree = "<group>"; };
		E861CD9723D271EA00D3E9B3 /* CommunityCell.swift */ = {isa = PBXFileReference; lastKnownFileType = sourcecode.swift; path = CommunityCell.swift; sourceTree = "<group>"; };
		E861CD9823D271EA00D3E9B3 /* CommunityCell.xib */ = {isa = PBXFileReference; lastKnownFileType = file.xib; path = CommunityCell.xib; sourceTree = "<group>"; };
		E861CD9C23D274D000D3E9B3 /* Community.swift */ = {isa = PBXFileReference; lastKnownFileType = sourcecode.swift; path = Community.swift; sourceTree = "<group>"; };
		E861CD9E23D274E700D3E9B3 /* Friend.swift */ = {isa = PBXFileReference; lastKnownFileType = sourcecode.swift; path = Friend.swift; sourceTree = "<group>"; };
		E86CCCB023EC669900F3AAA6 /* PhotoPreviewVC.swift */ = {isa = PBXFileReference; lastKnownFileType = sourcecode.swift; path = PhotoPreviewVC.swift; sourceTree = "<group>"; };
		E8757B0A241BEE49002F92A7 /* CustomInteractionNavigationController.swift */ = {isa = PBXFileReference; lastKnownFileType = sourcecode.swift; path = CustomInteractionNavigationController.swift; sourceTree = "<group>"; };
		E8757B0C241BEEA2002F92A7 /* NavigationTransition.swift */ = {isa = PBXFileReference; lastKnownFileType = sourcecode.swift; path = NavigationTransition.swift; sourceTree = "<group>"; };
		E8757B0F241CEAC0002F92A7 /* VKCommunity.swift */ = {isa = PBXFileReference; lastKnownFileType = sourcecode.swift; path = VKCommunity.swift; sourceTree = "<group>"; };
		E8757B11241CECED002F92A7 /* VKFriend.swift */ = {isa = PBXFileReference; lastKnownFileType = sourcecode.swift; path = VKFriend.swift; sourceTree = "<group>"; };
		E8757B13241EC81D002F92A7 /* VKResponse.swift */ = {isa = PBXFileReference; lastKnownFileType = sourcecode.swift; path = VKResponse.swift; sourceTree = "<group>"; };
		E8757B17241EDA54002F92A7 /* VKRealmGroup.swift */ = {isa = PBXFileReference; lastKnownFileType = sourcecode.swift; path = VKRealmGroup.swift; sourceTree = "<group>"; };
		E8757B1924278B57002F92A7 /* VKPhoto.swift */ = {isa = PBXFileReference; lastKnownFileType = sourcecode.swift; path = VKPhoto.swift; sourceTree = "<group>"; };
		E8757B1D242844AA002F92A7 /* Data+PrettyPrintJSON.swift */ = {isa = PBXFileReference; lastKnownFileType = sourcecode.swift; path = "Data+PrettyPrintJSON.swift"; sourceTree = "<group>"; };
		E8757B20242C0708002F92A7 /* ProfileTableViewController.swift */ = {isa = PBXFileReference; lastKnownFileType = sourcecode.swift; path = ProfileTableViewController.swift; sourceTree = "<group>"; };
		E8757B22242C073C002F92A7 /* ProfileTVCell.swift */ = {isa = PBXFileReference; lastKnownFileType = sourcecode.swift; path = ProfileTVCell.swift; sourceTree = "<group>"; };
		E8757B24242C2F0E002F92A7 /* ActionsTVCell.swift */ = {isa = PBXFileReference; lastKnownFileType = sourcecode.swift; path = ActionsTVCell.swift; sourceTree = "<group>"; };
		E87BB7F323E8CE39006C14F6 /* LoadView.swift */ = {isa = PBXFileReference; lastKnownFileType = sourcecode.swift; path = LoadView.swift; sourceTree = "<group>"; };
		E885799123D1D72200C97694 /* CommunitiesTableVC.swift */ = {isa = PBXFileReference; lastKnownFileType = sourcecode.swift; path = CommunitiesTableVC.swift; sourceTree = "<group>"; };
		E885799323D1D73A00C97694 /* FriendsTableVC.swift */ = {isa = PBXFileReference; lastKnownFileType = sourcecode.swift; path = FriendsTableVC.swift; sourceTree = "<group>"; };
		E885799723D1D7F200C97694 /* AddCommunityTableVC.swift */ = {isa = PBXFileReference; lastKnownFileType = sourcecode.swift; path = AddCommunityTableVC.swift; sourceTree = "<group>"; };
		E8954A7523B15FEA00A93209 /* VKClientSample.app */ = {isa = PBXFileReference; explicitFileType = wrapper.application; includeInIndex = 0; path = VKClientSample.app; sourceTree = BUILT_PRODUCTS_DIR; };
		E8954A7823B15FEA00A93209 /* AppDelegate.swift */ = {isa = PBXFileReference; lastKnownFileType = sourcecode.swift; path = AppDelegate.swift; sourceTree = "<group>"; };
		E8954A7C23B15FEA00A93209 /* LoginViewController.swift */ = {isa = PBXFileReference; lastKnownFileType = sourcecode.swift; path = LoginViewController.swift; sourceTree = "<group>"; };
		E8954A7F23B15FEA00A93209 /* Base */ = {isa = PBXFileReference; lastKnownFileType = file.storyboard; name = Base; path = Base.lproj/Main.storyboard; sourceTree = "<group>"; };
		E8954A8123B15FEB00A93209 /* Assets.xcassets */ = {isa = PBXFileReference; lastKnownFileType = folder.assetcatalog; path = Assets.xcassets; sourceTree = "<group>"; };
		E8954A8423B15FEB00A93209 /* Base */ = {isa = PBXFileReference; lastKnownFileType = file.storyboard; name = Base; path = Base.lproj/LaunchScreen.storyboard; sourceTree = "<group>"; };
		E8954A8623B15FEB00A93209 /* Info.plist */ = {isa = PBXFileReference; lastKnownFileType = text.plist.xml; path = Info.plist; sourceTree = "<group>"; };
		E8954A9023B162A700A93209 /* Images.swift */ = {isa = PBXFileReference; fileEncoding = 4; lastKnownFileType = sourcecode.swift; path = Images.swift; sourceTree = "<group>"; };
		E8954A9123B162A700A93209 /* Constants.swift */ = {isa = PBXFileReference; fileEncoding = 4; lastKnownFileType = sourcecode.swift; path = Constants.swift; sourceTree = "<group>"; };
		E8954A9423B162B200A93209 /* UIColor+hex.swift */ = {isa = PBXFileReference; fileEncoding = 4; lastKnownFileType = sourcecode.swift; path = "UIColor+hex.swift"; sourceTree = "<group>"; };
		E8B5E32F24046C9D009A5494 /* Session.swift */ = {isa = PBXFileReference; lastKnownFileType = sourcecode.swift; path = Session.swift; sourceTree = "<group>"; };
		E8CD1C8F23D65EA600C5D668 /* FriendCell.swift */ = {isa = PBXFileReference; lastKnownFileType = sourcecode.swift; path = FriendCell.swift; sourceTree = "<group>"; };
		E8CD1C9123D6AC0200C5D668 /* FriendCollectionVC.swift */ = {isa = PBXFileReference; lastKnownFileType = sourcecode.swift; path = FriendCollectionVC.swift; sourceTree = "<group>"; };
		E8CD1C9323D6AF6000C5D668 /* FriendCVCell.swift */ = {isa = PBXFileReference; lastKnownFileType = sourcecode.swift; path = FriendCVCell.swift; sourceTree = "<group>"; };
		E8CD1C9623DB29D300C5D668 /* ShadowPhotoView.swift */ = {isa = PBXFileReference; lastKnownFileType = sourcecode.swift; path = ShadowPhotoView.swift; sourceTree = "<group>"; };
		E8CD1C9823DB2AF900C5D668 /* LikeControl.swift */ = {isa = PBXFileReference; lastKnownFileType = sourcecode.swift; path = LikeControl.swift; sourceTree = "<group>"; };
		FA61B0E00B803FDF8FE9BD4C /* Pods_VKClientSample.framework */ = {isa = PBXFileReference; explicitFileType = wrapper.framework; includeInIndex = 0; path = Pods_VKClientSample.framework; sourceTree = BUILT_PRODUCTS_DIR; };
/* End PBXFileReference section */

/* Begin PBXFrameworksBuildPhase section */
		E8954A7223B15FEA00A93209 /* Frameworks */ = {
			isa = PBXFrameworksBuildPhase;
			buildActionMask = 2147483647;
			files = (
				717B010CBE93350D2C78A9F2 /* Pods_VKClientSample.framework in Frameworks */,
			);
			runOnlyForDeploymentPostprocessing = 0;
		};
/* End PBXFrameworksBuildPhase section */

/* Begin PBXGroup section */
		129D89A1F9265CBC7DA6A687 /* Frameworks */ = {
			isa = PBXGroup;
			children = (
				FA61B0E00B803FDF8FE9BD4C /* Pods_VKClientSample.framework */,
			);
			name = Frameworks;
			sourceTree = "<group>";
		};
		664375D44D07F08F09B29402 /* Pods */ = {
			isa = PBXGroup;
			children = (
				081635287C3FEF1BDFBAEBA8 /* Pods-VKClientSample.debug.xcconfig */,
				6A367E63F19424BE27114643 /* Pods-VKClientSample.release.xcconfig */,
			);
			path = Pods;
			sourceTree = "<group>";
		};
		E8068CDD23E0C1BB0083FBBE /* Controls */ = {
			isa = PBXGroup;
			children = (
				E8CD1C9823DB2AF900C5D668 /* LikeControl.swift */,
				E8068CDE23E0C1E00083FBBE /* CommentControl.swift */,
				E8068CE023E0C1EE0083FBBE /* ShareControl.swift */,
			);
			path = Controls;
			sourceTree = "<group>";
		};
		E80D57EF23F9F455002C53CB /* PhotoPreview */ = {
			isa = PBXGroup;
			children = (
				E80D57ED23F9E441002C53CB /* PhotoPreviewNavBarView.swift */,
				E80D57F023F9F47D002C53CB /* PhotoPreviewFooter.swift */,
			);
			path = PhotoPreview;
			sourceTree = "<group>";
		};
		E8500E9323F08B030080F802 /* ViewControllers */ = {
			isa = PBXGroup;
			children = (
				E8954A7C23B15FEA00A93209 /* LoginViewController.swift */,
				E8068CD123DC47E80083FBBE /* NewsTableVC.swift */,
				E885799123D1D72200C97694 /* CommunitiesTableVC.swift */,
				E885799723D1D7F200C97694 /* AddCommunityTableVC.swift */,
				E885799323D1D73A00C97694 /* FriendsTableVC.swift */,
				E8CD1C9123D6AC0200C5D668 /* FriendCollectionVC.swift */,
				E86CCCB023EC669900F3AAA6 /* PhotoPreviewVC.swift */,
				E829F95E2404839400ED148B /* VkAuthorizationViewController.swift */,
				E829F96224049DBD00ED148B /* GetDataViewController.swift */,
				E8757B20242C0708002F92A7 /* ProfileTableViewController.swift */,
			);
			path = ViewControllers;
			sourceTree = "<group>";
		};
		E8500E9423F08B0C0080F802 /* Cells */ = {
			isa = PBXGroup;
			children = (
				E8757B1F242C06B2002F92A7 /* Profile */,
				E8500E9523F08B4A0080F802 /* News */,
				E861CD9823D271EA00D3E9B3 /* CommunityCell.xib */,
				E8CD1C8F23D65EA600C5D668 /* FriendCell.swift */,
				E861CD9723D271EA00D3E9B3 /* CommunityCell.swift */,
				E8CD1C9323D6AF6000C5D668 /* FriendCVCell.swift */,
			);
			path = Cells;
			sourceTree = "<group>";
		};
		E8500E9523F08B4A0080F802 /* News */ = {
			isa = PBXGroup;
			children = (
				E8068CD723DC485C0083FBBE /* PostCell.swift */,
				E8068CE623E1C7150083FBBE /* StoriesCell.swift */,
				E8068CEA23E384C10083FBBE /* WhatsNewCell.swift */,
				E8068CEE23E4FE0C0083FBBE /* StoryCell.swift */,
				E8068CF023E4FE5B0083FBBE /* AddStoryCell.swift */,
			);
			path = News;
			sourceTree = "<group>";
		};
		E861CD9B23D274BF00D3E9B3 /* Models */ = {
			isa = PBXGroup;
			children = (
				E8757B15241EDA16002F92A7 /* Realm */,
				E8757B0E241CEA80002F92A7 /* Decodable */,
				E861CD9C23D274D000D3E9B3 /* Community.swift */,
				E861CD9E23D274E700D3E9B3 /* Friend.swift */,
				E8068CE423E0E7270083FBBE /* Post.swift */,
			);
			path = Models;
			sourceTree = "<group>";
		};
		E8757B09241BEE26002F92A7 /* Navigation */ = {
			isa = PBXGroup;
			children = (
				E8757B0A241BEE49002F92A7 /* CustomInteractionNavigationController.swift */,
				E8757B0C241BEEA2002F92A7 /* NavigationTransition.swift */,
			);
			path = Navigation;
			sourceTree = "<group>";
		};
		E8757B0E241CEA80002F92A7 /* Decodable */ = {
			isa = PBXGroup;
			children = (
				E8757B0F241CEAC0002F92A7 /* VKCommunity.swift */,
				E8757B11241CECED002F92A7 /* VKFriend.swift */,
				E8757B13241EC81D002F92A7 /* VKResponse.swift */,
				E8757B1924278B57002F92A7 /* VKPhoto.swift */,
			);
			path = Decodable;
			sourceTree = "<group>";
		};
		E8757B15241EDA16002F92A7 /* Realm */ = {
			isa = PBXGroup;
			children = (
				E8757B17241EDA54002F92A7 /* VKRealmGroup.swift */,
			);
			path = Realm;
			sourceTree = "<group>";
		};
		E8757B1F242C06B2002F92A7 /* Profile */ = {
			isa = PBXGroup;
			children = (
				E8757B22242C073C002F92A7 /* ProfileTVCell.swift */,
				E8757B24242C2F0E002F92A7 /* ActionsTVCell.swift */,
			);
			path = Profile;
			sourceTree = "<group>";
		};
		E8954A6C23B15FEA00A93209 = {
			isa = PBXGroup;
			children = (
				E8954A7723B15FEA00A93209 /* VKClientSample */,
				E8954A7623B15FEA00A93209 /* Products */,
				664375D44D07F08F09B29402 /* Pods */,
				129D89A1F9265CBC7DA6A687 /* Frameworks */,
			);
			sourceTree = "<group>";
		};
		E8954A7623B15FEA00A93209 /* Products */ = {
			isa = PBXGroup;
			children = (
				E8954A7523B15FEA00A93209 /* VKClientSample.app */,
			);
			name = Products;
			sourceTree = "<group>";
		};
		E8954A7723B15FEA00A93209 /* VKClientSample */ = {
			isa = PBXGroup;
			children = (
				E8B5E32E24046C91009A5494 /* Services */,
				E8500E9423F08B0C0080F802 /* Cells */,
				E8500E9323F08B030080F802 /* ViewControllers */,
				E8CD1C9523DB29B800C5D668 /* Components */,
				E861CD9B23D274BF00D3E9B3 /* Models */,
				E8954A7823B15FEA00A93209 /* AppDelegate.swift */,
				E8954A7E23B15FEA00A93209 /* Main.storyboard */,
				E8954A8323B15FEB00A93209 /* LaunchScreen.storyboard */,
				E8954A8623B15FEB00A93209 /* Info.plist */,
				E8954A8D23B1624500A93209 /* Utilities */,
			);
			path = VKClientSample;
			sourceTree = "<group>";
		};
		E8954A8D23B1624500A93209 /* Utilities */ = {
			isa = PBXGroup;
			children = (
				E8954A8123B15FEB00A93209 /* Assets.xcassets */,
				E8954A8F23B1625500A93209 /* Constants */,
				E8954A8E23B1624D00A93209 /* Extensions */,
			);
			path = Utilities;
			sourceTree = "<group>";
		};
		E8954A8E23B1624D00A93209 /* Extensions */ = {
			isa = PBXGroup;
			children = (
				E8954A9423B162B200A93209 /* UIColor+hex.swift */,
				E8757B1D242844AA002F92A7 /* Data+PrettyPrintJSON.swift */,
			);
			path = Extensions;
			sourceTree = "<group>";
		};
		E8954A8F23B1625500A93209 /* Constants */ = {
			isa = PBXGroup;
			children = (
				E8954A9123B162A700A93209 /* Constants.swift */,
				E8954A9023B162A700A93209 /* Images.swift */,
			);
			path = Constants;
			sourceTree = "<group>";
		};
		E8B5E32E24046C91009A5494 /* Services */ = {
			isa = PBXGroup;
			children = (
				E8B5E32F24046C9D009A5494 /* Session.swift */,
				E829F960240491F900ED148B /* VKApi.swift */,
			);
			path = Services;
			sourceTree = "<group>";
		};
		E8CD1C9523DB29B800C5D668 /* Components */ = {
			isa = PBXGroup;
			children = (
				E8757B09241BEE26002F92A7 /* Navigation */,
				E80D57EF23F9F455002C53CB /* PhotoPreview */,
				E8068CDD23E0C1BB0083FBBE /* Controls */,
				E8CD1C9623DB29D300C5D668 /* ShadowPhotoView.swift */,
				E8068CDB23E0BE360083FBBE /* PostFooter.swift */,
				E8068CE223E0C4290083FBBE /* ViewsCounter.swift */,
				E8068CEC23E3A7890083FBBE /* AddStoryPhotoView.swift */,
				E87BB7F323E8CE39006C14F6 /* LoadView.swift */,
			);
			path = Components;
			sourceTree = "<group>";
		};
/* End PBXGroup section */

/* Begin PBXNativeTarget section */
		E8954A7423B15FEA00A93209 /* VKClientSample */ = {
			isa = PBXNativeTarget;
			buildConfigurationList = E8954A8923B15FEB00A93209 /* Build configuration list for PBXNativeTarget "VKClientSample" */;
			buildPhases = (
				D987AD430BC09219F84E513D /* [CP] Check Pods Manifest.lock */,
				E8954A7123B15FEA00A93209 /* Sources */,
				E8954A7223B15FEA00A93209 /* Frameworks */,
				E8954A7323B15FEA00A93209 /* Resources */,
				50A5C9C858571572D6D067C8 /* [CP] Embed Pods Frameworks */,
			);
			buildRules = (
			);
			dependencies = (
			);
			name = VKClientSample;
			productName = VKClientSample;
			productReference = E8954A7523B15FEA00A93209 /* VKClientSample.app */;
			productType = "com.apple.product-type.application";
		};
/* End PBXNativeTarget section */

/* Begin PBXProject section */
		E8954A6D23B15FEA00A93209 /* Project object */ = {
			isa = PBXProject;
			attributes = {
				LastSwiftUpdateCheck = 1130;
				LastUpgradeCheck = 1130;
				ORGANIZATIONNAME = "Roman Khodukin";
				TargetAttributes = {
					E8954A7423B15FEA00A93209 = {
						CreatedOnToolsVersion = 11.3;
					};
				};
			};
			buildConfigurationList = E8954A7023B15FEA00A93209 /* Build configuration list for PBXProject "VKClientSample" */;
			compatibilityVersion = "Xcode 9.3";
			developmentRegion = en;
			hasScannedForEncodings = 0;
			knownRegions = (
				en,
				Base,
			);
			mainGroup = E8954A6C23B15FEA00A93209;
			productRefGroup = E8954A7623B15FEA00A93209 /* Products */;
			projectDirPath = "";
			projectRoot = "";
			targets = (
				E8954A7423B15FEA00A93209 /* VKClientSample */,
			);
		};
/* End PBXProject section */

/* Begin PBXResourcesBuildPhase section */
		E8954A7323B15FEA00A93209 /* Resources */ = {
			isa = PBXResourcesBuildPhase;
			buildActionMask = 2147483647;
			files = (
				E861CD9A23D271EA00D3E9B3 /* CommunityCell.xib in Resources */,
				E8954A8523B15FEB00A93209 /* LaunchScreen.storyboard in Resources */,
				E8954A8223B15FEB00A93209 /* Assets.xcassets in Resources */,
				E8954A8023B15FEA00A93209 /* Main.storyboard in Resources */,
			);
			runOnlyForDeploymentPostprocessing = 0;
		};
/* End PBXResourcesBuildPhase section */

/* Begin PBXShellScriptBuildPhase section */
		50A5C9C858571572D6D067C8 /* [CP] Embed Pods Frameworks */ = {
			isa = PBXShellScriptBuildPhase;
			buildActionMask = 2147483647;
			files = (
			);
			inputFileListPaths = (
				"${PODS_ROOT}/Target Support Files/Pods-VKClientSample/Pods-VKClientSample-frameworks-${CONFIGURATION}-input-files.xcfilelist",
			);
			name = "[CP] Embed Pods Frameworks";
			outputFileListPaths = (
				"${PODS_ROOT}/Target Support Files/Pods-VKClientSample/Pods-VKClientSample-frameworks-${CONFIGURATION}-output-files.xcfilelist",
			);
			runOnlyForDeploymentPostprocessing = 0;
			shellPath = /bin/sh;
			shellScript = "\"${PODS_ROOT}/Target Support Files/Pods-VKClientSample/Pods-VKClientSample-frameworks.sh\"\n";
			showEnvVarsInLog = 0;
		};
		D987AD430BC09219F84E513D /* [CP] Check Pods Manifest.lock */ = {
			isa = PBXShellScriptBuildPhase;
			buildActionMask = 2147483647;
			files = (
			);
			inputFileListPaths = (
			);
			inputPaths = (
				"${PODS_PODFILE_DIR_PATH}/Podfile.lock",
				"${PODS_ROOT}/Manifest.lock",
			);
			name = "[CP] Check Pods Manifest.lock";
			outputFileListPaths = (
			);
			outputPaths = (
				"$(DERIVED_FILE_DIR)/Pods-VKClientSample-checkManifestLockResult.txt",
			);
			runOnlyForDeploymentPostprocessing = 0;
			shellPath = /bin/sh;
			shellScript = "diff \"${PODS_PODFILE_DIR_PATH}/Podfile.lock\" \"${PODS_ROOT}/Manifest.lock\" > /dev/null\nif [ $? != 0 ] ; then\n    # print error to STDERR\n    echo \"error: The sandbox is not in sync with the Podfile.lock. Run 'pod install' or update your CocoaPods installation.\" >&2\n    exit 1\nfi\n# This output is used by Xcode 'outputs' to avoid re-running this script phase.\necho \"SUCCESS\" > \"${SCRIPT_OUTPUT_FILE_0}\"\n";
			showEnvVarsInLog = 0;
		};
/* End PBXShellScriptBuildPhase section */

/* Begin PBXSourcesBuildPhase section */
		E8954A7123B15FEA00A93209 /* Sources */ = {
			isa = PBXSourcesBuildPhase;
			buildActionMask = 2147483647;
			files = (
				E8954A7D23B15FEA00A93209 /* LoginViewController.swift in Sources */,
				E8757B25242C2F0E002F92A7 /* ActionsTVCell.swift in Sources */,
				E8954A9223B162A700A93209 /* Images.swift in Sources */,
				E8CD1C9923DB2AF900C5D668 /* LikeControl.swift in Sources */,
				E8068CED23E3A7890083FBBE /* AddStoryPhotoView.swift in Sources */,
				E86CCCB123EC669900F3AAA6 /* PhotoPreviewVC.swift in Sources */,
				E8757B14241EC81D002F92A7 /* VKResponse.swift in Sources */,
				E829F961240491F900ED148B /* VKApi.swift in Sources */,
				E829F95F2404839400ED148B /* VkAuthorizationViewController.swift in Sources */,
				E8068CDF23E0C1E00083FBBE /* CommentControl.swift in Sources */,
				E8CD1C9023D65EA600C5D668 /* FriendCell.swift in Sources */,
				E8CD1C9423D6AF6100C5D668 /* FriendCVCell.swift in Sources */,
				E8068CDC23E0BE360083FBBE /* PostFooter.swift in Sources */,
				E8068CD923DC485C0083FBBE /* PostCell.swift in Sources */,
				E8757B10241CEAC0002F92A7 /* VKCommunity.swift in Sources */,
				E8954A9523B162B300A93209 /* UIColor+hex.swift in Sources */,
				E8068CE323E0C4290083FBBE /* ViewsCounter.swift in Sources */,
				E8068CF123E4FE5B0083FBBE /* AddStoryCell.swift in Sources */,
				E861CD9D23D274D000D3E9B3 /* Community.swift in Sources */,
				E80D57F123F9F47D002C53CB /* PhotoPreviewFooter.swift in Sources */,
				E8757B1A24278B57002F92A7 /* VKPhoto.swift in Sources */,
				E80D57EE23F9E441002C53CB /* PhotoPreviewNavBarView.swift in Sources */,
				E885799223D1D72200C97694 /* CommunitiesTableVC.swift in Sources */,
				E8068CE523E0E7270083FBBE /* Post.swift in Sources */,
				E885799423D1D73A00C97694 /* FriendsTableVC.swift in Sources */,
				E885799823D1D7F200C97694 /* AddCommunityTableVC.swift in Sources */,
				E861CD9923D271EA00D3E9B3 /* CommunityCell.swift in Sources */,
				E8954A7923B15FEA00A93209 /* AppDelegate.swift in Sources */,
				E8CD1C9223D6AC0200C5D668 /* FriendCollectionVC.swift in Sources */,
				E8CD1C9723DB29D300C5D668 /* ShadowPhotoView.swift in Sources */,
				E8757B23242C073C002F92A7 /* ProfileTVCell.swift in Sources */,
				E8068CE123E0C1EE0083FBBE /* ShareControl.swift in Sources */,
				E829F96324049DBD00ED148B /* GetDataViewController.swift in Sources */,
				E8068CD223DC47E80083FBBE /* NewsTableVC.swift in Sources */,
				E8068CE723E1C7150083FBBE /* StoriesCell.swift in Sources */,
				E8757B0D241BEEA2002F92A7 /* NavigationTransition.swift in Sources */,
				E8757B0B241BEE49002F92A7 /* CustomInteractionNavigationController.swift in Sources */,
				E8068CEF23E4FE0C0083FBBE /* StoryCell.swift in Sources */,
				E8757B21242C0708002F92A7 /* ProfileTableViewController.swift in Sources */,
				E8757B12241CECED002F92A7 /* VKFriend.swift in Sources */,
				E8757B1E242844AA002F92A7 /* Data+PrettyPrintJSON.swift in Sources */,
				E8954A9323B162A700A93209 /* Constants.swift in Sources */,
				E8B5E33024046C9D009A5494 /* Session.swift in Sources */,
				E8068CEB23E384C10083FBBE /* WhatsNewCell.swift in Sources */,
				E87BB7F423E8CE39006C14F6 /* LoadView.swift in Sources */,
				E8757B18241EDA54002F92A7 /* VKRealmGroup.swift in Sources */,
				E861CD9F23D274E700D3E9B3 /* Friend.swift in Sources */,
			);
			runOnlyForDeploymentPostprocessing = 0;
		};
/* End PBXSourcesBuildPhase section */

/* Begin PBXVariantGroup section */
		E8954A7E23B15FEA00A93209 /* Main.storyboard */ = {
			isa = PBXVariantGroup;
			children = (
				E8954A7F23B15FEA00A93209 /* Base */,
			);
			name = Main.storyboard;
			sourceTree = "<group>";
		};
		E8954A8323B15FEB00A93209 /* LaunchScreen.storyboard */ = {
			isa = PBXVariantGroup;
			children = (
				E8954A8423B15FEB00A93209 /* Base */,
			);
			name = LaunchScreen.storyboard;
			sourceTree = "<group>";
		};
/* End PBXVariantGroup section */

/* Begin XCBuildConfiguration section */
		E8954A8723B15FEB00A93209 /* Debug */ = {
			isa = XCBuildConfiguration;
			buildSettings = {
				ALWAYS_SEARCH_USER_PATHS = NO;
				CLANG_ANALYZER_NONNULL = YES;
				CLANG_ANALYZER_NUMBER_OBJECT_CONVERSION = YES_AGGRESSIVE;
				CLANG_CXX_LANGUAGE_STANDARD = "gnu++14";
				CLANG_CXX_LIBRARY = "libc++";
				CLANG_ENABLE_MODULES = YES;
				CLANG_ENABLE_OBJC_ARC = YES;
				CLANG_ENABLE_OBJC_WEAK = YES;
				CLANG_WARN_BLOCK_CAPTURE_AUTORELEASING = YES;
				CLANG_WARN_BOOL_CONVERSION = YES;
				CLANG_WARN_COMMA = YES;
				CLANG_WARN_CONSTANT_CONVERSION = YES;
				CLANG_WARN_DEPRECATED_OBJC_IMPLEMENTATIONS = YES;
				CLANG_WARN_DIRECT_OBJC_ISA_USAGE = YES_ERROR;
				CLANG_WARN_DOCUMENTATION_COMMENTS = YES;
				CLANG_WARN_EMPTY_BODY = YES;
				CLANG_WARN_ENUM_CONVERSION = YES;
				CLANG_WARN_INFINITE_RECURSION = YES;
				CLANG_WARN_INT_CONVERSION = YES;
				CLANG_WARN_NON_LITERAL_NULL_CONVERSION = YES;
				CLANG_WARN_OBJC_IMPLICIT_RETAIN_SELF = YES;
				CLANG_WARN_OBJC_LITERAL_CONVERSION = YES;
				CLANG_WARN_OBJC_ROOT_CLASS = YES_ERROR;
				CLANG_WARN_RANGE_LOOP_ANALYSIS = YES;
				CLANG_WARN_STRICT_PROTOTYPES = YES;
				CLANG_WARN_SUSPICIOUS_MOVE = YES;
				CLANG_WARN_UNGUARDED_AVAILABILITY = YES_AGGRESSIVE;
				CLANG_WARN_UNREACHABLE_CODE = YES;
				CLANG_WARN__DUPLICATE_METHOD_MATCH = YES;
				COPY_PHASE_STRIP = NO;
				DEBUG_INFORMATION_FORMAT = dwarf;
				ENABLE_STRICT_OBJC_MSGSEND = YES;
				ENABLE_TESTABILITY = YES;
				GCC_C_LANGUAGE_STANDARD = gnu11;
				GCC_DYNAMIC_NO_PIC = NO;
				GCC_NO_COMMON_BLOCKS = YES;
				GCC_OPTIMIZATION_LEVEL = 0;
				GCC_PREPROCESSOR_DEFINITIONS = (
					"DEBUG=1",
					"$(inherited)",
				);
				GCC_WARN_64_TO_32_BIT_CONVERSION = YES;
				GCC_WARN_ABOUT_RETURN_TYPE = YES_ERROR;
				GCC_WARN_UNDECLARED_SELECTOR = YES;
				GCC_WARN_UNINITIALIZED_AUTOS = YES_AGGRESSIVE;
				GCC_WARN_UNUSED_FUNCTION = YES;
				GCC_WARN_UNUSED_VARIABLE = YES;
				IPHONEOS_DEPLOYMENT_TARGET = 13.2;
				MTL_ENABLE_DEBUG_INFO = INCLUDE_SOURCE;
				MTL_FAST_MATH = YES;
				ONLY_ACTIVE_ARCH = YES;
				SDKROOT = iphoneos;
				SWIFT_ACTIVE_COMPILATION_CONDITIONS = DEBUG;
				SWIFT_OPTIMIZATION_LEVEL = "-Onone";
			};
			name = Debug;
		};
		E8954A8823B15FEB00A93209 /* Release */ = {
			isa = XCBuildConfiguration;
			buildSettings = {
				ALWAYS_SEARCH_USER_PATHS = NO;
				CLANG_ANALYZER_NONNULL = YES;
				CLANG_ANALYZER_NUMBER_OBJECT_CONVERSION = YES_AGGRESSIVE;
				CLANG_CXX_LANGUAGE_STANDARD = "gnu++14";
				CLANG_CXX_LIBRARY = "libc++";
				CLANG_ENABLE_MODULES = YES;
				CLANG_ENABLE_OBJC_ARC = YES;
				CLANG_ENABLE_OBJC_WEAK = YES;
				CLANG_WARN_BLOCK_CAPTURE_AUTORELEASING = YES;
				CLANG_WARN_BOOL_CONVERSION = YES;
				CLANG_WARN_COMMA = YES;
				CLANG_WARN_CONSTANT_CONVERSION = YES;
				CLANG_WARN_DEPRECATED_OBJC_IMPLEMENTATIONS = YES;
				CLANG_WARN_DIRECT_OBJC_ISA_USAGE = YES_ERROR;
				CLANG_WARN_DOCUMENTATION_COMMENTS = YES;
				CLANG_WARN_EMPTY_BODY = YES;
				CLANG_WARN_ENUM_CONVERSION = YES;
				CLANG_WARN_INFINITE_RECURSION = YES;
				CLANG_WARN_INT_CONVERSION = YES;
				CLANG_WARN_NON_LITERAL_NULL_CONVERSION = YES;
				CLANG_WARN_OBJC_IMPLICIT_RETAIN_SELF = YES;
				CLANG_WARN_OBJC_LITERAL_CONVERSION = YES;
				CLANG_WARN_OBJC_ROOT_CLASS = YES_ERROR;
				CLANG_WARN_RANGE_LOOP_ANALYSIS = YES;
				CLANG_WARN_STRICT_PROTOTYPES = YES;
				CLANG_WARN_SUSPICIOUS_MOVE = YES;
				CLANG_WARN_UNGUARDED_AVAILABILITY = YES_AGGRESSIVE;
				CLANG_WARN_UNREACHABLE_CODE = YES;
				CLANG_WARN__DUPLICATE_METHOD_MATCH = YES;
				COPY_PHASE_STRIP = NO;
				DEBUG_INFORMATION_FORMAT = "dwarf-with-dsym";
				ENABLE_NS_ASSERTIONS = NO;
				ENABLE_STRICT_OBJC_MSGSEND = YES;
				GCC_C_LANGUAGE_STANDARD = gnu11;
				GCC_NO_COMMON_BLOCKS = YES;
				GCC_WARN_64_TO_32_BIT_CONVERSION = YES;
				GCC_WARN_ABOUT_RETURN_TYPE = YES_ERROR;
				GCC_WARN_UNDECLARED_SELECTOR = YES;
				GCC_WARN_UNINITIALIZED_AUTOS = YES_AGGRESSIVE;
				GCC_WARN_UNUSED_FUNCTION = YES;
				GCC_WARN_UNUSED_VARIABLE = YES;
				IPHONEOS_DEPLOYMENT_TARGET = 13.2;
				MTL_ENABLE_DEBUG_INFO = NO;
				MTL_FAST_MATH = YES;
				SDKROOT = iphoneos;
				SWIFT_COMPILATION_MODE = wholemodule;
				SWIFT_OPTIMIZATION_LEVEL = "-O";
				VALIDATE_PRODUCT = YES;
			};
			name = Release;
		};
		E8954A8A23B15FEB00A93209 /* Debug */ = {
			isa = XCBuildConfiguration;
			baseConfigurationReference = 081635287C3FEF1BDFBAEBA8 /* Pods-VKClientSample.debug.xcconfig */;
			buildSettings = {
				ASSETCATALOG_COMPILER_APPICON_NAME = AppIcon;
				CLANG_USE_OPTIMIZATION_PROFILE = YES;
				CODE_SIGN_IDENTITY = "Apple Development";
				CODE_SIGN_STYLE = Automatic;
				DEVELOPMENT_TEAM = AC7SNZV8BM;
				INFOPLIST_FILE = VKClientSample/Info.plist;
				IPHONEOS_DEPLOYMENT_TARGET = 11.0;
				LD_RUNPATH_SEARCH_PATHS = (
					"$(inherited)",
					"@executable_path/Frameworks",
				);
				PRODUCT_BUNDLE_IDENTIFIER = com.rkhdeveloper.VKClientSample;
				PRODUCT_NAME = "$(TARGET_NAME)";
				PROVISIONING_PROFILE_SPECIFIER = "";
				SWIFT_VERSION = 5.0;
				TARGETED_DEVICE_FAMILY = "1,2";
			};
			name = Debug;
		};
		E8954A8B23B15FEB00A93209 /* Release */ = {
			isa = XCBuildConfiguration;
			baseConfigurationReference = 6A367E63F19424BE27114643 /* Pods-VKClientSample.release.xcconfig */;
			buildSettings = {
				ASSETCATALOG_COMPILER_APPICON_NAME = AppIcon;
				CLANG_USE_OPTIMIZATION_PROFILE = YES;
				CODE_SIGN_IDENTITY = "Apple Development";
				CODE_SIGN_STYLE = Automatic;
				DEVELOPMENT_TEAM = AC7SNZV8BM;
				INFOPLIST_FILE = VKClientSample/Info.plist;
				IPHONEOS_DEPLOYMENT_TARGET = 11.0;
				LD_RUNPATH_SEARCH_PATHS = (
					"$(inherited)",
					"@executable_path/Frameworks",
				);
				PRODUCT_BUNDLE_IDENTIFIER = com.rkhdeveloper.VKClientSample;
				PRODUCT_NAME = "$(TARGET_NAME)";
				PROVISIONING_PROFILE_SPECIFIER = "";
				SWIFT_VERSION = 5.0;
				TARGETED_DEVICE_FAMILY = "1,2";
			};
			name = Release;
		};
/* End XCBuildConfiguration section */

/* Begin XCConfigurationList section */
		E8954A7023B15FEA00A93209 /* Build configuration list for PBXProject "VKClientSample" */ = {
			isa = XCConfigurationList;
			buildConfigurations = (
				E8954A8723B15FEB00A93209 /* Debug */,
				E8954A8823B15FEB00A93209 /* Release */,
			);
			defaultConfigurationIsVisible = 0;
			defaultConfigurationName = Release;
		};
		E8954A8923B15FEB00A93209 /* Build configuration list for PBXNativeTarget "VKClientSample" */ = {
			isa = XCConfigurationList;
			buildConfigurations = (
				E8954A8A23B15FEB00A93209 /* Debug */,
				E8954A8B23B15FEB00A93209 /* Release */,
			);
			defaultConfigurationIsVisible = 0;
			defaultConfigurationName = Release;
		};
/* End XCConfigurationList section */
	};
	rootObject = E8954A6D23B15FEA00A93209 /* Project object */;
}
